// !$*UTF8*$!
{
	archiveVersion = 1;
	classes = {
	};
	objectVersion = 56;
	objects = {

/* Begin PBXBuildFile section */
		2935AED728DDCA1000D85D62 /* AppDelegate.swift in Sources */ = {isa = PBXBuildFile; fileRef = 2935AED628DDCA1000D85D62 /* AppDelegate.swift */; };
		2935AED928DDCA1000D85D62 /* SceneDelegate.swift in Sources */ = {isa = PBXBuildFile; fileRef = 2935AED828DDCA1000D85D62 /* SceneDelegate.swift */; };
		2935AEDB28DDCA1000D85D62 /* ViewController.swift in Sources */ = {isa = PBXBuildFile; fileRef = 2935AEDA28DDCA1000D85D62 /* ViewController.swift */; };
		2935AEDE28DDCA1000D85D62 /* Main.storyboard in Resources */ = {isa = PBXBuildFile; fileRef = 2935AEDC28DDCA1000D85D62 /* Main.storyboard */; };
		2935AEE028DDCA1100D85D62 /* Assets.xcassets in Resources */ = {isa = PBXBuildFile; fileRef = 2935AEDF28DDCA1100D85D62 /* Assets.xcassets */; };
		2935AEE328DDCA1100D85D62 /* LaunchScreen.storyboard in Resources */ = {isa = PBXBuildFile; fileRef = 2935AEE128DDCA1100D85D62 /* LaunchScreen.storyboard */; };
		2935AEED28DDCF6900D85D62 /* Exercise.swift in Sources */ = {isa = PBXBuildFile; fileRef = 2935AEEC28DDCF6900D85D62 /* Exercise.swift */; };
		2974A2FB28DDDA0E00FD0DC5 /* WorkoutTableViewCell.swift in Sources */ = {isa = PBXBuildFile; fileRef = 2974A2F928DDDA0E00FD0DC5 /* WorkoutTableViewCell.swift */; };
		2974A2FC28DDDA0E00FD0DC5 /* WorkoutTableViewCell.xib in Resources */ = {isa = PBXBuildFile; fileRef = 2974A2FA28DDDA0E00FD0DC5 /* WorkoutTableViewCell.xib */; };
		2974A2FE28DDF49100FD0DC5 /* StartViewController.swift in Sources */ = {isa = PBXBuildFile; fileRef = 2974A2FD28DDF49100FD0DC5 /* StartViewController.swift */; };
		2974A30028DDF6E400FD0DC5 /* Workouts.swift in Sources */ = {isa = PBXBuildFile; fileRef = 2974A2FF28DDF6E400FD0DC5 /* Workouts.swift */; };
		29B4C11D28EC525400CD1D8B /* HeaderTableViewCell.swift in Sources */ = {isa = PBXBuildFile; fileRef = 29B4C11B28EC525400CD1D8B /* HeaderTableViewCell.swift */; };
		29B4C11E28EC525400CD1D8B /* HeaderTableViewCell.xib in Resources */ = {isa = PBXBuildFile; fileRef = 29B4C11C28EC525400CD1D8B /* HeaderTableViewCell.xib */; };
/* End PBXBuildFile section */

/* Begin PBXFileReference section */
		2935AED328DDCA1000D85D62 /* Workout timer.app */ = {isa = PBXFileReference; explicitFileType = wrapper.application; includeInIndex = 0; path = "Workout timer.app"; sourceTree = BUILT_PRODUCTS_DIR; };
		2935AED628DDCA1000D85D62 /* AppDelegate.swift */ = {isa = PBXFileReference; lastKnownFileType = sourcecode.swift; path = AppDelegate.swift; sourceTree = "<group>"; };
		2935AED828DDCA1000D85D62 /* SceneDelegate.swift */ = {isa = PBXFileReference; lastKnownFileType = sourcecode.swift; path = SceneDelegate.swift; sourceTree = "<group>"; };
		2935AEDA28DDCA1000D85D62 /* ViewController.swift */ = {isa = PBXFileReference; lastKnownFileType = sourcecode.swift; path = ViewController.swift; sourceTree = "<group>"; };
		2935AEDD28DDCA1000D85D62 /* Base */ = {isa = PBXFileReference; lastKnownFileType = file.storyboard; name = Base; path = Base.lproj/Main.storyboard; sourceTree = "<group>"; };
		2935AEDF28DDCA1100D85D62 /* Assets.xcassets */ = {isa = PBXFileReference; lastKnownFileType = folder.assetcatalog; path = Assets.xcassets; sourceTree = "<group>"; };
		2935AEE228DDCA1100D85D62 /* Base */ = {isa = PBXFileReference; lastKnownFileType = file.storyboard; name = Base; path = Base.lproj/LaunchScreen.storyboard; sourceTree = "<group>"; };
		2935AEE428DDCA1100D85D62 /* Info.plist */ = {isa = PBXFileReference; lastKnownFileType = text.plist.xml; path = Info.plist; sourceTree = "<group>"; };
		2935AEEC28DDCF6900D85D62 /* Exercise.swift */ = {isa = PBXFileReference; lastKnownFileType = sourcecode.swift; path = Exercise.swift; sourceTree = "<group>"; };
		2974A2F928DDDA0E00FD0DC5 /* WorkoutTableViewCell.swift */ = {isa = PBXFileReference; lastKnownFileType = sourcecode.swift; path = WorkoutTableViewCell.swift; sourceTree = "<group>"; };
		2974A2FA28DDDA0E00FD0DC5 /* WorkoutTableViewCell.xib */ = {isa = PBXFileReference; lastKnownFileType = file.xib; path = WorkoutTableViewCell.xib; sourceTree = "<group>"; };
		2974A2FD28DDF49100FD0DC5 /* StartViewController.swift */ = {isa = PBXFileReference; lastKnownFileType = sourcecode.swift; path = StartViewController.swift; sourceTree = "<group>"; };
		2974A2FF28DDF6E400FD0DC5 /* Workouts.swift */ = {isa = PBXFileReference; lastKnownFileType = sourcecode.swift; path = Workouts.swift; sourceTree = "<group>"; };
		29B4C11B28EC525400CD1D8B /* HeaderTableViewCell.swift */ = {isa = PBXFileReference; lastKnownFileType = sourcecode.swift; path = HeaderTableViewCell.swift; sourceTree = "<group>"; };
		29B4C11C28EC525400CD1D8B /* HeaderTableViewCell.xib */ = {isa = PBXFileReference; lastKnownFileType = file.xib; path = HeaderTableViewCell.xib; sourceTree = "<group>"; };
/* End PBXFileReference section */

/* Begin PBXFrameworksBuildPhase section */
		2935AED028DDCA1000D85D62 /* Frameworks */ = {
			isa = PBXFrameworksBuildPhase;
			buildActionMask = 2147483647;
			files = (
			);
			runOnlyForDeploymentPostprocessing = 0;
		};
/* End PBXFrameworksBuildPhase section */

/* Begin PBXGroup section */
		2935AECA28DDCA1000D85D62 = {
			isa = PBXGroup;
			children = (
				2935AED528DDCA1000D85D62 /* Workout timer */,
				2935AED428DDCA1000D85D62 /* Products */,
			);
			sourceTree = "<group>";
		};
		2935AED428DDCA1000D85D62 /* Products */ = {
			isa = PBXGroup;
			children = (
				2935AED328DDCA1000D85D62 /* Workout timer.app */,
			);
			name = Products;
			sourceTree = "<group>";
		};
		2935AED528DDCA1000D85D62 /* Workout timer */ = {
			isa = PBXGroup;
			children = (
				29B4C11A28EC521500CD1D8B /* Exercises table header */,
				2974A2F728DDD9EC00FD0DC5 /* Workout cell */,
				2935AED628DDCA1000D85D62 /* AppDelegate.swift */,
				2935AED828DDCA1000D85D62 /* SceneDelegate.swift */,
				2974A2FF28DDF6E400FD0DC5 /* Workouts.swift */,
				2935AEDA28DDCA1000D85D62 /* ViewController.swift */,
				2974A2FD28DDF49100FD0DC5 /* StartViewController.swift */,
				2935AEEC28DDCF6900D85D62 /* Exercise.swift */,
				2935AEDC28DDCA1000D85D62 /* Main.storyboard */,
				2935AEDF28DDCA1100D85D62 /* Assets.xcassets */,
				2935AEE128DDCA1100D85D62 /* LaunchScreen.storyboard */,
				2935AEE428DDCA1100D85D62 /* Info.plist */,
			);
			path = "Workout timer";
			sourceTree = "<group>";
		};
		2974A2F728DDD9EC00FD0DC5 /* Workout cell */ = {
			isa = PBXGroup;
			children = (
				2974A2F928DDDA0E00FD0DC5 /* WorkoutTableViewCell.swift */,
				2974A2FA28DDDA0E00FD0DC5 /* WorkoutTableViewCell.xib */,
			);
			path = "Workout cell";
			sourceTree = "<group>";
		};
		29B4C11A28EC521500CD1D8B /* Exercises table header */ = {
			isa = PBXGroup;
			children = (
				29B4C11B28EC525400CD1D8B /* HeaderTableViewCell.swift */,
				29B4C11C28EC525400CD1D8B /* HeaderTableViewCell.xib */,
			);
			path = "Exercises table header";
			sourceTree = "<group>";
		};
/* End PBXGroup section */

/* Begin PBXNativeTarget section */
		2935AED228DDCA1000D85D62 /* Workout timer */ = {
			isa = PBXNativeTarget;
			buildConfigurationList = 2935AEE728DDCA1100D85D62 /* Build configuration list for PBXNativeTarget "Workout timer" */;
			buildPhases = (
				2935AECF28DDCA1000D85D62 /* Sources */,
				2935AED028DDCA1000D85D62 /* Frameworks */,
				2935AED128DDCA1000D85D62 /* Resources */,
			);
			buildRules = (
			);
			dependencies = (
			);
			name = "Workout timer";
			productName = "Workout timer";
			productReference = 2935AED328DDCA1000D85D62 /* Workout timer.app */;
			productType = "com.apple.product-type.application";
		};
/* End PBXNativeTarget section */

/* Begin PBXProject section */
		2935AECB28DDCA1000D85D62 /* Project object */ = {
			isa = PBXProject;
			attributes = {
				BuildIndependentTargetsInParallel = 1;
				LastSwiftUpdateCheck = 1400;
				LastUpgradeCheck = 1400;
				TargetAttributes = {
					2935AED228DDCA1000D85D62 = {
						CreatedOnToolsVersion = 14.0;
					};
				};
			};
			buildConfigurationList = 2935AECE28DDCA1000D85D62 /* Build configuration list for PBXProject "Workout timer" */;
			compatibilityVersion = "Xcode 14.0";
			developmentRegion = en;
			hasScannedForEncodings = 0;
			knownRegions = (
				en,
				Base,
			);
			mainGroup = 2935AECA28DDCA1000D85D62;
			productRefGroup = 2935AED428DDCA1000D85D62 /* Products */;
			projectDirPath = "";
			projectRoot = "";
			targets = (
				2935AED228DDCA1000D85D62 /* Workout timer */,
			);
		};
/* End PBXProject section */

/* Begin PBXResourcesBuildPhase section */
		2935AED128DDCA1000D85D62 /* Resources */ = {
			isa = PBXResourcesBuildPhase;
			buildActionMask = 2147483647;
			files = (
				2935AEE328DDCA1100D85D62 /* LaunchScreen.storyboard in Resources */,
				2935AEE028DDCA1100D85D62 /* Assets.xcassets in Resources */,
				2935AEDE28DDCA1000D85D62 /* Main.storyboard in Resources */,
				29B4C11E28EC525400CD1D8B /* HeaderTableViewCell.xib in Resources */,
				2974A2FC28DDDA0E00FD0DC5 /* WorkoutTableViewCell.xib in Resources */,
			);
			runOnlyForDeploymentPostprocessing = 0;
		};
/* End PBXResourcesBuildPhase section */

/* Begin PBXSourcesBuildPhase section */
		2935AECF28DDCA1000D85D62 /* Sources */ = {
			isa = PBXSourcesBuildPhase;
			buildActionMask = 2147483647;
			files = (
				29B4C11D28EC525400CD1D8B /* HeaderTableViewCell.swift in Sources */,
				2935AEDB28DDCA1000D85D62 /* ViewController.swift in Sources */,
				2935AEED28DDCF6900D85D62 /* Exercise.swift in Sources */,
				2935AED728DDCA1000D85D62 /* AppDelegate.swift in Sources */,
				2974A2FB28DDDA0E00FD0DC5 /* WorkoutTableViewCell.swift in Sources */,
				2935AED928DDCA1000D85D62 /* SceneDelegate.swift in Sources */,
				2974A2FE28DDF49100FD0DC5 /* StartViewController.swift in Sources */,
				2974A30028DDF6E400FD0DC5 /* Workouts.swift in Sources */,
			);
			runOnlyForDeploymentPostprocessing = 0;
		};
/* End PBXSourcesBuildPhase section */

/* Begin PBXVariantGroup section */
		2935AEDC28DDCA1000D85D62 /* Main.storyboard */ = {
			isa = PBXVariantGroup;
			children = (
				2935AEDD28DDCA1000D85D62 /* Base */,
			);
			name = Main.storyboard;
			sourceTree = "<group>";
		};
		2935AEE128DDCA1100D85D62 /* LaunchScreen.storyboard */ = {
			isa = PBXVariantGroup;
			children = (
				2935AEE228DDCA1100D85D62 /* Base */,
			);
			name = LaunchScreen.storyboard;
			sourceTree = "<group>";
		};
/* End PBXVariantGroup section */

/* Begin XCBuildConfiguration section */
		2935AEE528DDCA1100D85D62 /* Debug */ = {
			isa = XCBuildConfiguration;
			buildSettings = {
				ALWAYS_SEARCH_USER_PATHS = NO;
				CLANG_ANALYZER_NONNULL = YES;
				CLANG_ANALYZER_NUMBER_OBJECT_CONVERSION = YES_AGGRESSIVE;
				CLANG_CXX_LANGUAGE_STANDARD = "gnu++20";
				CLANG_ENABLE_MODULES = YES;
				CLANG_ENABLE_OBJC_ARC = YES;
				CLANG_ENABLE_OBJC_WEAK = YES;
				CLANG_WARN_BLOCK_CAPTURE_AUTORELEASING = YES;
				CLANG_WARN_BOOL_CONVERSION = YES;
				CLANG_WARN_COMMA = YES;
				CLANG_WARN_CONSTANT_CONVERSION = YES;
				CLANG_WARN_DEPRECATED_OBJC_IMPLEMENTATIONS = YES;
				CLANG_WARN_DIRECT_OBJC_ISA_USAGE = YES_ERROR;
				CLANG_WARN_DOCUMENTATION_COMMENTS = YES;
				CLANG_WARN_EMPTY_BODY = YES;
				CLANG_WARN_ENUM_CONVERSION = YES;
				CLANG_WARN_INFINITE_RECURSION = YES;
				CLANG_WARN_INT_CONVERSION = YES;
				CLANG_WARN_NON_LITERAL_NULL_CONVERSION = YES;
				CLANG_WARN_OBJC_IMPLICIT_RETAIN_SELF = YES;
				CLANG_WARN_OBJC_LITERAL_CONVERSION = YES;
				CLANG_WARN_OBJC_ROOT_CLASS = YES_ERROR;
				CLANG_WARN_QUOTED_INCLUDE_IN_FRAMEWORK_HEADER = YES;
				CLANG_WARN_RANGE_LOOP_ANALYSIS = YES;
				CLANG_WARN_STRICT_PROTOTYPES = YES;
				CLANG_WARN_SUSPICIOUS_MOVE = YES;
				CLANG_WARN_UNGUARDED_AVAILABILITY = YES_AGGRESSIVE;
				CLANG_WARN_UNREACHABLE_CODE = YES;
				CLANG_WARN__DUPLICATE_METHOD_MATCH = YES;
				COPY_PHASE_STRIP = NO;
				DEBUG_INFORMATION_FORMAT = dwarf;
				ENABLE_STRICT_OBJC_MSGSEND = YES;
				ENABLE_TESTABILITY = YES;
				GCC_C_LANGUAGE_STANDARD = gnu11;
				GCC_DYNAMIC_NO_PIC = NO;
				GCC_NO_COMMON_BLOCKS = YES;
				GCC_OPTIMIZATION_LEVEL = 0;
				GCC_PREPROCESSOR_DEFINITIONS = (
					"DEBUG=1",
					"$(inherited)",
				);
				GCC_WARN_64_TO_32_BIT_CONVERSION = YES;
				GCC_WARN_ABOUT_RETURN_TYPE = YES_ERROR;
				GCC_WARN_UNDECLARED_SELECTOR = YES;
				GCC_WARN_UNINITIALIZED_AUTOS = YES_AGGRESSIVE;
				GCC_WARN_UNUSED_FUNCTION = YES;
				GCC_WARN_UNUSED_VARIABLE = YES;
				IPHONEOS_DEPLOYMENT_TARGET = 16.0;
				MTL_ENABLE_DEBUG_INFO = INCLUDE_SOURCE;
				MTL_FAST_MATH = YES;
				ONLY_ACTIVE_ARCH = YES;
				SDKROOT = iphoneos;
				SWIFT_ACTIVE_COMPILATION_CONDITIONS = DEBUG;
				SWIFT_OPTIMIZATION_LEVEL = "-Onone";
			};
			name = Debug;
		};
		2935AEE628DDCA1100D85D62 /* Release */ = {
			isa = XCBuildConfiguration;
			buildSettings = {
				ALWAYS_SEARCH_USER_PATHS = NO;
				CLANG_ANALYZER_NONNULL = YES;
				CLANG_ANALYZER_NUMBER_OBJECT_CONVERSION = YES_AGGRESSIVE;
				CLANG_CXX_LANGUAGE_STANDARD = "gnu++20";
				CLANG_ENABLE_MODULES = YES;
				CLANG_ENABLE_OBJC_ARC = YES;
				CLANG_ENABLE_OBJC_WEAK = YES;
				CLANG_WARN_BLOCK_CAPTURE_AUTORELEASING = YES;
				CLANG_WARN_BOOL_CONVERSION = YES;
				CLANG_WARN_COMMA = YES;
				CLANG_WARN_CONSTANT_CONVERSION = YES;
				CLANG_WARN_DEPRECATED_OBJC_IMPLEMENTATIONS = YES;
				CLANG_WARN_DIRECT_OBJC_ISA_USAGE = YES_ERROR;
				CLANG_WARN_DOCUMENTATION_COMMENTS = YES;
				CLANG_WARN_EMPTY_BODY = YES;
				CLANG_WARN_ENUM_CONVERSION = YES;
				CLANG_WARN_INFINITE_RECURSION = YES;
				CLANG_WARN_INT_CONVERSION = YES;
				CLANG_WARN_NON_LITERAL_NULL_CONVERSION = YES;
				CLANG_WARN_OBJC_IMPLICIT_RETAIN_SELF = YES;
				CLANG_WARN_OBJC_LITERAL_CONVERSION = YES;
				CLANG_WARN_OBJC_ROOT_CLASS = YES_ERROR;
				CLANG_WARN_QUOTED_INCLUDE_IN_FRAMEWORK_HEADER = YES;
				CLANG_WARN_RANGE_LOOP_ANALYSIS = YES;
				CLANG_WARN_STRICT_PROTOTYPES = YES;
				CLANG_WARN_SUSPICIOUS_MOVE = YES;
				CLANG_WARN_UNGUARDED_AVAILABILITY = YES_AGGRESSIVE;
				CLANG_WARN_UNREACHABLE_CODE = YES;
				CLANG_WARN__DUPLICATE_METHOD_MATCH = YES;
				COPY_PHASE_STRIP = NO;
				DEBUG_INFORMATION_FORMAT = "dwarf-with-dsym";
				ENABLE_NS_ASSERTIONS = NO;
				ENABLE_STRICT_OBJC_MSGSEND = YES;
				GCC_C_LANGUAGE_STANDARD = gnu11;
				GCC_NO_COMMON_BLOCKS = YES;
				GCC_WARN_64_TO_32_BIT_CONVERSION = YES;
				GCC_WARN_ABOUT_RETURN_TYPE = YES_ERROR;
				GCC_WARN_UNDECLARED_SELECTOR = YES;
				GCC_WARN_UNINITIALIZED_AUTOS = YES_AGGRESSIVE;
				GCC_WARN_UNUSED_FUNCTION = YES;
				GCC_WARN_UNUSED_VARIABLE = YES;
				IPHONEOS_DEPLOYMENT_TARGET = 16.0;
				MTL_ENABLE_DEBUG_INFO = NO;
				MTL_FAST_MATH = YES;
				SDKROOT = iphoneos;
				SWIFT_COMPILATION_MODE = wholemodule;
				SWIFT_OPTIMIZATION_LEVEL = "-O";
				VALIDATE_PRODUCT = YES;
			};
			name = Release;
		};
		2935AEE828DDCA1100D85D62 /* Debug */ = {
			isa = XCBuildConfiguration;
			buildSettings = {
				ASSETCATALOG_COMPILER_APPICON_NAME = AppIcon;
				ASSETCATALOG_COMPILER_GLOBAL_ACCENT_COLOR_NAME = AccentColor;
				CODE_SIGN_STYLE = Automatic;
				CURRENT_PROJECT_VERSION = 1;
				GENERATE_INFOPLIST_FILE = YES;
				INFOPLIST_FILE = "Workout timer/Info.plist";
				INFOPLIST_KEY_UIApplicationSupportsIndirectInputEvents = YES;
				INFOPLIST_KEY_UILaunchStoryboardName = LaunchScreen;
				INFOPLIST_KEY_UIMainStoryboardFile = Main;
				INFOPLIST_KEY_UISupportedInterfaceOrientations_iPad = "UIInterfaceOrientationPortrait UIInterfaceOrientationPortraitUpsideDown UIInterfaceOrientationLandscapeLeft UIInterfaceOrientationLandscapeRight";
				INFOPLIST_KEY_UISupportedInterfaceOrientations_iPhone = "UIInterfaceOrientationPortrait UIInterfaceOrientationLandscapeLeft UIInterfaceOrientationLandscapeRight";
				LD_RUNPATH_SEARCH_PATHS = (
					"$(inherited)",
					"@executable_path/Frameworks",
				);
				MARKETING_VERSION = 1.0;
				PRODUCT_BUNDLE_IDENTIFIER = "com.Workout-timer";
				PRODUCT_NAME = "$(TARGET_NAME)";
				SWIFT_EMIT_LOC_STRINGS = YES;
				SWIFT_VERSION = 5.0;
				TARGETED_DEVICE_FAMILY = "1,2";
			};
			name = Debug;
		};
		2935AEE928DDCA1100D85D62 /* Release */ = {
			isa = XCBuildConfiguration;
			buildSettings = {
				ASSETCATALOG_COMPILER_APPICON_NAME = AppIcon;
				ASSETCATALOG_COMPILER_GLOBAL_ACCENT_COLOR_NAME = AccentColor;
				CODE_SIGN_STYLE = Automatic;
				CURRENT_PROJECT_VERSION = 1;
				GENERATE_INFOPLIST_FILE = YES;
				INFOPLIST_FILE = "Workout timer/Info.plist";
				INFOPLIST_KEY_UIApplicationSupportsIndirectInputEvents = YES;
				INFOPLIST_KEY_UILaunchStoryboardName = LaunchScreen;
				INFOPLIST_KEY_UIMainStoryboardFile = Main;
				INFOPLIST_KEY_UISupportedInterfaceOrientations_iPad = "UIInterfaceOrientationPortrait UIInterfaceOrientationPortraitUpsideDown UIInterfaceOrientationLandscapeLeft UIInterfaceOrientationLandscapeRight";
				INFOPLIST_KEY_UISupportedInterfaceOrientations_iPhone = "UIInterfaceOrientationPortrait UIInterfaceOrientationLandscapeLeft UIInterfaceOrientationLandscapeRight";
				LD_RUNPATH_SEARCH_PATHS = (
					"$(inherited)",
					"@executable_path/Frameworks",
				);
				MARKETING_VERSION = 1.0;
				PRODUCT_BUNDLE_IDENTIFIER = "com.Workout-timer";
				PRODUCT_NAME = "$(TARGET_NAME)";
				SWIFT_EMIT_LOC_STRINGS = YES;
				SWIFT_VERSION = 5.0;
				TARGETED_DEVICE_FAMILY = "1,2";
			};
			name = Release;
		};
/* End XCBuildConfiguration section */

/* Begin XCConfigurationList section */
		2935AECE28DDCA1000D85D62 /* Build configuration list for PBXProject "Workout timer" */ = {
			isa = XCConfigurationList;
			buildConfigurations = (
				2935AEE528DDCA1100D85D62 /* Debug */,
				2935AEE628DDCA1100D85D62 /* Release */,
			);
			defaultConfigurationIsVisible = 0;
			defaultConfigurationName = Release;
		};
		2935AEE728DDCA1100D85D62 /* Build configuration list for PBXNativeTarget "Workout timer" */ = {
			isa = XCConfigurationList;
			buildConfigurations = (
				2935AEE828DDCA1100D85D62 /* Debug */,
				2935AEE928DDCA1100D85D62 /* Release */,
			);
			defaultConfigurationIsVisible = 0;
			defaultConfigurationName = Release;
		};
/* End XCConfigurationList section */
	};
	rootObject = 2935AECB28DDCA1000D85D62 /* Project object */;
}
